
Microsoft Visual Studio Solution File, Format Version 12.00
# Visual Studio Version 18
VisualStudioVersion = 18.5.11801.241 oobstable
MinimumVisualStudioVersion = 10.0.40219.1
Project("{FAE04EC0-301F-11D3-BF4B-00C04F79EFBC}") = "TipsAdmin", "TipsAdmin.csproj", "{208C69AA-7951-46A9-290F-F40EDBA4BF7F}"
EndProject
Global
	GlobalSection(SolutionConfigurationPlatforms) = preSolution
		Debug|Any CPU = Debug|Any CPU
		Release|Any CPU = Release|Any CPU
	EndGlobalSection
	GlobalSection(ProjectConfigurationPlatforms) = postSolution
		{208C69AA-7951-46A9-290F-F40EDBA4BF7F}.Debug|Any CPU.ActiveCfg = Debug|Any CPU
		{208C69AA-7951-46A9-290F-F40EDBA4BF7F}.Debug|Any CPU.Build.0 = Debug|Any CPU
		{208C69AA-7951-46A9-290F-F40EDBA4BF7F}.Release|Any CPU.ActiveCfg = Release|Any CPU
		{208C69AA-7951-46A9-290F-F40EDBA4BF7F}.Release|Any CPU.Build.0 = Release|Any CPU
	EndGlobalSection
	GlobalSection(SolutionProperties) = preSolution
		HideSolutionNode = FALSE
	EndGlobalSection
	GlobalSection(ExtensibilityGlobals) = postSolution
		SolutionGuid = {AABD245E-1835-40E7-BDA4-E8CB815959C3}
	EndGlobalSection
EndGlobal
